
Microsoft Visual Studio Solution File, Format Version 12.00
# Visual Studio Version 16
VisualStudioVersion = 16.0.31105.61
MinimumVisualStudioVersion = 10.0.40219.1
Project("{9A19103F-16F7-4668-BE54-9A1E7A4F7556}") = "WebApiStockLive", "WebApiStockLive\WebApiStockLive.csproj", "{AF443CDA-4158-4631-8C04-783A491007E7}"
EndProject
Project("{FAE04EC0-301F-11D3-BF4B-00C04F79EFBC}") = "Repository", "Repository\Repository.csproj", "{66578EAE-5DE3-4E2B-ADAC-B6320F2CE115}"
EndProject
Project("{FAE04EC0-301F-11D3-BF4B-00C04F79EFBC}") = "Domain", "Domain\Domain.csproj", "{C40608B7-544E-4928-B413-C459A5F205C9}"
EndProject
Global
	GlobalSection(SolutionConfigurationPlatforms) = preSolution
		Debug|Any CPU = Debug|Any CPU
		Release|Any CPU = Release|Any CPU
	EndGlobalSection
	GlobalSection(ProjectConfigurationPlatforms) = postSolution
		{AF443CDA-4158-4631-8C04-783A491007E7}.Debug|Any CPU.ActiveCfg = Debug|Any CPU
		{AF443CDA-4158-4631-8C04-783A491007E7}.Debug|Any CPU.Build.0 = Debug|Any CPU
		{AF443CDA-4158-4631-8C04-783A491007E7}.Release|Any CPU.ActiveCfg = Release|Any CPU
		{AF443CDA-4158-4631-8C04-783A491007E7}.Release|Any CPU.Build.0 = Release|Any CPU
		{66578EAE-5DE3-4E2B-ADAC-B6320F2CE115}.Debug|Any CPU.ActiveCfg = Debug|Any CPU
		{66578EAE-5DE3-4E2B-ADAC-B6320F2CE115}.Debug|Any CPU.Build.0 = Debug|Any CPU
		{66578EAE-5DE3-4E2B-ADAC-B6320F2CE115}.Release|Any CPU.ActiveCfg = Release|Any CPU
		{66578EAE-5DE3-4E2B-ADAC-B6320F2CE115}.Release|Any CPU.Build.0 = Release|Any CPU
		{C40608B7-544E-4928-B413-C459A5F205C9}.Debug|Any CPU.ActiveCfg = Debug|Any CPU
		{C40608B7-544E-4928-B413-C459A5F205C9}.Debug|Any CPU.Build.0 = Debug|Any CPU
		{C40608B7-544E-4928-B413-C459A5F205C9}.Release|Any CPU.ActiveCfg = Release|Any CPU
		{C40608B7-544E-4928-B413-C459A5F205C9}.Release|Any CPU.Build.0 = Release|Any CPU
	EndGlobalSection
	GlobalSection(SolutionProperties) = preSolution
		HideSolutionNode = FALSE
	EndGlobalSection
	GlobalSection(ExtensibilityGlobals) = postSolution
		SolutionGuid = {04516A24-8AE2-4575-B38F-9D5CCD5BFFFC}
	EndGlobalSection
EndGlobal
